
Microsoft Visual Studio Solution File, Format Version 12.00
# Visual Studio Version 16
VisualStudioVersion = 16.0.29123.89
MinimumVisualStudioVersion = 10.0.40219.1
Project("{9A19103F-16F7-4668-BE54-9A1E7A4F7556}") = "RobotCleaner", "RobotCleaner.csproj", "{93D594AC-99B8-4910-9B86-630356E5174D}"
EndProject
Global
	GlobalSection(SolutionConfigurationPlatforms) = preSolution
		Debug|Any CPU = Debug|Any CPU
		Release|Any CPU = Release|Any CPU
	EndGlobalSection
	GlobalSection(ProjectConfigurationPlatforms) = postSolution
		{93D594AC-99B8-4910-9B86-630356E5174D}.Debug|Any CPU.ActiveCfg = Debug|Any CPU
		{93D594AC-99B8-4910-9B86-630356E5174D}.Debug|Any CPU.Build.0 = Debug|Any CPU
		{93D594AC-99B8-4910-9B86-630356E5174D}.Release|Any CPU.ActiveCfg = Release|Any CPU
		{93D594AC-99B8-4910-9B86-630356E5174D}.Release|Any CPU.Build.0 = Release|Any CPU
	EndGlobalSection
	GlobalSection(SolutionProperties) = preSolution
		HideSolutionNode = FALSE
	EndGlobalSection
	GlobalSection(ExtensibilityGlobals) = postSolution
		SolutionGuid = {187D80AE-1644-4AD5-917D-6FC734D44C47}
	EndGlobalSection
EndGlobal
